
Microsoft Visual Studio Solution File, Format Version 12.00
# Visual Studio Version 17
VisualStudioVersion = 17.10.34928.147
MinimumVisualStudioVersion = 10.0.40219.1
Project("{8BC9CEB8-8B4A-11D0-8D11-00A0C91BC942}") = "recon2024_demo", "recon2024_demo\recon2024_demo.vcxproj", "{A15F7D72-12FF-4727-86A1-E7494119669B}"
EndProject
Global
	GlobalSection(SolutionConfigurationPlatforms) = preSolution
		Debug|x64 = Debug|x64
		Debug|x86 = Debug|x86
		Release|x64 = Release|x64
		Release|x86 = Release|x86
	EndGlobalSection
	GlobalSection(ProjectConfigurationPlatforms) = postSolution
		{A15F7D72-12FF-4727-86A1-E7494119669B}.Debug|x64.ActiveCfg = Debug|x64
		{A15F7D72-12FF-4727-86A1-E7494119669B}.Debug|x64.Build.0 = Debug|x64
		{A15F7D72-12FF-4727-86A1-E7494119669B}.Debug|x86.ActiveCfg = Debug|Win32
		{A15F7D72-12FF-4727-86A1-E7494119669B}.Debug|x86.Build.0 = Debug|Win32
		{A15F7D72-12FF-4727-86A1-E7494119669B}.Release|x64.ActiveCfg = Release|x64
		{A15F7D72-12FF-4727-86A1-E7494119669B}.Release|x64.Build.0 = Release|x64
		{A15F7D72-12FF-4727-86A1-E7494119669B}.Release|x86.ActiveCfg = Release|Win32
		{A15F7D72-12FF-4727-86A1-E7494119669B}.Release|x86.Build.0 = Release|Win32
	EndGlobalSection
	GlobalSection(SolutionProperties) = preSolution
		HideSolutionNode = FALSE
	EndGlobalSection
	GlobalSection(ExtensibilityGlobals) = postSolution
		SolutionGuid = {BE6C95A5-6C58-4E6A-AC3A-BB64594EE0A0}
	EndGlobalSection
EndGlobal
